
Microsoft Visual Studio Solution File, Format Version 12.00
# Visual Studio Version 17
VisualStudioVersion = 17.5.33627.172
MinimumVisualStudioVersion = 10.0.40219.1
Project("{FAE04EC0-301F-11D3-BF4B-00C04F79EFBC}") = "APIALiens", "APIALiens.csproj", "{4BBA1348-A5B6-4B44-8456-E8932BB30204}"
EndProject
Global
	GlobalSection(SolutionConfigurationPlatforms) = preSolution
		Debug|Any CPU = Debug|Any CPU
		Release|Any CPU = Release|Any CPU
	EndGlobalSection
	GlobalSection(ProjectConfigurationPlatforms) = postSolution
		{4BBA1348-A5B6-4B44-8456-E8932BB30204}.Debug|Any CPU.ActiveCfg = Debug|Any CPU
		{4BBA1348-A5B6-4B44-8456-E8932BB30204}.Debug|Any CPU.Build.0 = Debug|Any CPU
		{4BBA1348-A5B6-4B44-8456-E8932BB30204}.Release|Any CPU.ActiveCfg = Release|Any CPU
		{4BBA1348-A5B6-4B44-8456-E8932BB30204}.Release|Any CPU.Build.0 = Release|Any CPU
	EndGlobalSection
	GlobalSection(SolutionProperties) = preSolution
		HideSolutionNode = FALSE
	EndGlobalSection
	GlobalSection(ExtensibilityGlobals) = postSolution
		SolutionGuid = {A1A60CA1-C818-409E-9132-E7F690DC0A9F}
	EndGlobalSection
EndGlobal
